
Microsoft Visual Studio Solution File, Format Version 12.00
# Visual Studio 15
VisualStudioVersion = 15.0.28307.136
MinimumVisualStudioVersion = 10.0.40219.1
Project("{888888A0-9F3D-457C-B088-3A5042F75D52}") = "PlotTest", "PlotTest\PlotTest.pyproj", "{1B47B1D9-DA73-4336-9A82-EE15C5AC2B12}"
EndProject
Global
	GlobalSection(SolutionConfigurationPlatforms) = preSolution
		Debug|Any CPU = Debug|Any CPU
		Release|Any CPU = Release|Any CPU
	EndGlobalSection
	GlobalSection(ProjectConfigurationPlatforms) = postSolution
		{1B47B1D9-DA73-4336-9A82-EE15C5AC2B12}.Debug|Any CPU.ActiveCfg = Debug|Any CPU
		{1B47B1D9-DA73-4336-9A82-EE15C5AC2B12}.Release|Any CPU.ActiveCfg = Release|Any CPU
	EndGlobalSection
	GlobalSection(SolutionProperties) = preSolution
		HideSolutionNode = FALSE
	EndGlobalSection
	GlobalSection(ExtensibilityGlobals) = postSolution
		SolutionGuid = {1A5446B3-3F92-48B9-9701-54F0397D2DE4}
	EndGlobalSection
EndGlobal
